
Microsoft Visual Studio Solution File, Format Version 12.00
# Visual Studio Version 17
VisualStudioVersion = 17.4.33213.308
MinimumVisualStudioVersion = 10.0.40219.1
Project("{FAE04EC0-301F-11D3-BF4B-00C04F79EFBC}") = "Wpf_HW1", "Wpf_HW1.csproj", "{89983272-8A2A-4084-8777-30A0BB2AEABC}"
EndProject
Global
	GlobalSection(SolutionConfigurationPlatforms) = preSolution
		Debug|Any CPU = Debug|Any CPU
		Release|Any CPU = Release|Any CPU
	EndGlobalSection
	GlobalSection(ProjectConfigurationPlatforms) = postSolution
		{89983272-8A2A-4084-8777-30A0BB2AEABC}.Debug|Any CPU.ActiveCfg = Debug|Any CPU
		{89983272-8A2A-4084-8777-30A0BB2AEABC}.Debug|Any CPU.Build.0 = Debug|Any CPU
		{89983272-8A2A-4084-8777-30A0BB2AEABC}.Release|Any CPU.ActiveCfg = Release|Any CPU
		{89983272-8A2A-4084-8777-30A0BB2AEABC}.Release|Any CPU.Build.0 = Release|Any CPU
	EndGlobalSection
	GlobalSection(SolutionProperties) = preSolution
		HideSolutionNode = FALSE
	EndGlobalSection
	GlobalSection(ExtensibilityGlobals) = postSolution
		SolutionGuid = {AAA40982-A9CB-47BD-8CB1-3839353BA502}
	EndGlobalSection
EndGlobal
